// !$*UTF8*$!
{
	archiveVersion = 1;
	classes = {
	};
	objectVersion = 46;
	objects = {

/* Begin PBXBuildFile section */
		EE1B77B61D753BE900FE71FA /* AppDelegate.m in Sources */ = {isa = PBXBuildFile; fileRef = EE1B77AB1D753BE900FE71FA /* AppDelegate.m */; };
		EE1B77B71D753BE900FE71FA /* DetailViewController.m in Sources */ = {isa = PBXBuildFile; fileRef = EE1B77AD1D753BE900FE71FA /* DetailViewController.m */; };
		EE1B77B81D753BE900FE71FA /* MasterViewController.m in Sources */ = {isa = PBXBuildFile; fileRef = EE1B77AF1D753BE900FE71FA /* MasterViewController.m */; };
		EE1B77B91D753BE900FE71FA /* Agent.m in Sources */ = {isa = PBXBuildFile; fileRef = EE1B77B11D753BE900FE71FA /* Agent.m */; };
		EE1B77BA1D753BE900FE71FA /* Main.storyboard in Resources */ = {isa = PBXBuildFile; fileRef = EE1B77B21D753BE900FE71FA /* Main.storyboard */; };
		EE1B77BB1D753BE900FE71FA /* Images.xcassets in Resources */ = {isa = PBXBuildFile; fileRef = EE1B77B31D753BE900FE71FA /* Images.xcassets */; };
		EE1B77BC1D753BE900FE71FA /* LaunchScreen.xib in Resources */ = {isa = PBXBuildFile; fileRef = EE1B77B41D753BE900FE71FA /* LaunchScreen.xib */; };
		EE1B77BD1D753BE900FE71FA /* NOC.json in Resources */ = {isa = PBXBuildFile; fileRef = EE1B77B51D753BE900FE71FA /* NOC.json */; };
/* End PBXBuildFile section */

/* Begin PBXFileReference section */
		EE1B77901D7539EF00FE71FA /* NOCList.app */ = {isa = PBXFileReference; explicitFileType = wrapper.application; includeInIndex = 0; name = NOCList.app; path = "/Users/komariherring/Documents/Homework /NOCList/build/Debug-iphoneos/NOCList.app"; sourceTree = "<absolute>"; };
		EE1B77AA1D753BE900FE71FA /* AppDelegate.h */ = {isa = PBXFileReference; fileEncoding = 4; lastKnownFileType = sourcecode.c.h; path = AppDelegate.h; sourceTree = "<group>"; };
		EE1B77AB1D753BE900FE71FA /* AppDelegate.m */ = {isa = PBXFileReference; fileEncoding = 4; lastKnownFileType = sourcecode.c.objc; path = AppDelegate.m; sourceTree = "<group>"; };
		EE1B77AC1D753BE900FE71FA /* DetailViewController.h */ = {isa = PBXFileReference; fileEncoding = 4; lastKnownFileType = sourcecode.c.h; path = DetailViewController.h; sourceTree = "<group>"; };
		EE1B77AD1D753BE900FE71FA /* DetailViewController.m */ = {isa = PBXFileReference; fileEncoding = 4; lastKnownFileType = sourcecode.c.objc; path = DetailViewController.m; sourceTree = "<group>"; };
		EE1B77AE1D753BE900FE71FA /* MasterViewController.h */ = {isa = PBXFileReference; fileEncoding = 4; lastKnownFileType = sourcecode.c.h; path = MasterViewController.h; sourceTree = "<group>"; };
		EE1B77AF1D753BE900FE71FA /* MasterViewController.m */ = {isa = PBXFileReference; fileEncoding = 4; lastKnownFileType = sourcecode.c.objc; path = MasterViewController.m; sourceTree = "<group>"; };
		EE1B77B01D753BE900FE71FA /* Agent.h */ = {isa = PBXFileReference; fileEncoding = 4; lastKnownFileType = sourcecode.c.h; path = Agent.h; sourceTree = "<group>"; };
		EE1B77B11D753BE900FE71FA /* Agent.m */ = {isa = PBXFileReference; fileEncoding = 4; lastKnownFileType = sourcecode.c.objc; path = Agent.m; sourceTree = "<group>"; };
		EE1B77B21D753BE900FE71FA /* Main.storyboard */ = {isa = PBXFileReference; fileEncoding = 4; lastKnownFileType = file.storyboard; path = Main.storyboard; sourceTree = "<group>"; };
		EE1B77B31D753BE900FE71FA /* Images.xcassets */ = {isa = PBXFileReference; lastKnownFileType = folder.assetcatalog; path = Images.xcassets; sourceTree = "<group>"; };
		EE1B77B41D753BE900FE71FA /* LaunchScreen.xib */ = {isa = PBXFileReference; fileEncoding = 4; lastKnownFileType = file.xib; path = LaunchScreen.xib; sourceTree = "<group>"; };
		EE1B77B51D753BE900FE71FA /* NOC.json */ = {isa = PBXFileReference; fileEncoding = 4; lastKnownFileType = text.json; path = NOC.json; sourceTree = "<group>"; };
/* End PBXFileReference section */

/* Begin PBXFrameworksBuildPhase section */
		EE1B778D1D7539EF00FE71FA /* Frameworks */ = {
			isa = PBXFrameworksBuildPhase;
			buildActionMask = 2147483647;
			files = (
			);
			runOnlyForDeploymentPostprocessing = 0;
		};
/* End PBXFrameworksBuildPhase section */

/* Begin PBXGroup section */
		EE1B77871D7539EF00FE71FA = {
			isa = PBXGroup;
			children = (
				EE1B77921D7539EF00FE71FA /* NOCList */,
			);
			sourceTree = "<group>";
		};
		EE1B77921D7539EF00FE71FA /* NOCList */ = {
			isa = PBXGroup;
			children = (
				EE1B77AA1D753BE900FE71FA /* AppDelegate.h */,
				EE1B77AB1D753BE900FE71FA /* AppDelegate.m */,
				EE1B77AC1D753BE900FE71FA /* DetailViewController.h */,
				EE1B77AD1D753BE900FE71FA /* DetailViewController.m */,
				EE1B77AE1D753BE900FE71FA /* MasterViewController.h */,
				EE1B77AF1D753BE900FE71FA /* MasterViewController.m */,
				EE1B77B01D753BE900FE71FA /* Agent.h */,
				EE1B77B11D753BE900FE71FA /* Agent.m */,
				EE1B77B21D753BE900FE71FA /* Main.storyboard */,
				EE1B77B31D753BE900FE71FA /* Images.xcassets */,
				EE1B77B41D753BE900FE71FA /* LaunchScreen.xib */,
				EE1B77B51D753BE900FE71FA /* NOC.json */,
			);
			path = NOCList;
			sourceTree = "<group>";
		};
/* End PBXGroup section */

/* Begin PBXNativeTarget section */
		EE1B778F1D7539EF00FE71FA /* NOCList */ = {
			isa = PBXNativeTarget;
			buildConfigurationList = EE1B77A71D7539EF00FE71FA /* Build configuration list for PBXNativeTarget "NOCList" */;
			buildPhases = (
				EE1B778C1D7539EF00FE71FA /* Sources */,
				EE1B778D1D7539EF00FE71FA /* Frameworks */,
				EE1B778E1D7539EF00FE71FA /* Resources */,
			);
			buildRules = (
			);
			dependencies = (
			);
			name = NOCList;
			productName = NOCList;
			productReference = EE1B77901D7539EF00FE71FA /* NOCList.app */;
			productType = "com.apple.product-type.application";
		};
/* End PBXNativeTarget section */

/* Begin PBXProject section */
		EE1B77881D7539EF00FE71FA /* Project object */ = {
			isa = PBXProject;
			attributes = {
				LastUpgradeCheck = 0800;
				ORGANIZATIONNAME = "The Iron Yard";
				TargetAttributes = {
					EE1B778F1D7539EF00FE71FA = {
						CreatedOnToolsVersion = 8.0;
						ProvisioningStyle = Automatic;
					};
				};
			};
			buildConfigurationList = EE1B778B1D7539EF00FE71FA /* Build configuration list for PBXProject "NOCList" */;
			compatibilityVersion = "Xcode 3.2";
			developmentRegion = English;
			hasScannedForEncodings = 0;
			knownRegions = (
				en,
				Base,
			);
			mainGroup = EE1B77871D7539EF00FE71FA;
			productRefGroup = EE1B77871D7539EF00FE71FA;
			projectDirPath = "";
			projectRoot = "";
			targets = (
				EE1B778F1D7539EF00FE71FA /* NOCList */,
			);
		};
/* End PBXProject section */

/* Begin PBXResourcesBuildPhase section */
		EE1B778E1D7539EF00FE71FA /* Resources */ = {
			isa = PBXResourcesBuildPhase;
			buildActionMask = 2147483647;
			files = (
				EE1B77BD1D753BE900FE71FA /* NOC.json in Resources */,
				EE1B77BA1D753BE900FE71FA /* Main.storyboard in Resources */,
				EE1B77BC1D753BE900FE71FA /* LaunchScreen.xib in Resources */,
				EE1B77BB1D753BE900FE71FA /* Images.xcassets in Resources */,
			);
			runOnlyForDeploymentPostprocessing = 0;
		};
/* End PBXResourcesBuildPhase section */

/* Begin PBXSourcesBuildPhase section */
		EE1B778C1D7539EF00FE71FA /* Sources */ = {
			isa = PBXSourcesBuildPhase;
			buildActionMask = 2147483647;
			files = (
				EE1B77B61D753BE900FE71FA /* AppDelegate.m in Sources */,
				EE1B77B91D753BE900FE71FA /* Agent.m in Sources */,
				EE1B77B81D753BE900FE71FA /* MasterViewController.m in Sources */,
				EE1B77B71D753BE900FE71FA /* DetailViewController.m in Sources */,
			);
			runOnlyForDeploymentPostprocessing = 0;
		};
/* End PBXSourcesBuildPhase section */

/* Begin XCBuildConfiguration section */
		EE1B77A51D7539EF00FE71FA /* Debug */ = {
			isa = XCBuildConfiguration;
			buildSettings = {
				ALWAYS_SEARCH_USER_PATHS = NO;
				CLANG_ANALYZER_NONNULL = YES;
				CLANG_CXX_LANGUAGE_STANDARD = "gnu++0x";
				CLANG_CXX_LIBRARY = "libc++";
				CLANG_ENABLE_MODULES = YES;
				CLANG_ENABLE_OBJC_ARC = YES;
				CLANG_WARN_BOOL_CONVERSION = YES;
				CLANG_WARN_CONSTANT_CONVERSION = YES;
				CLANG_WARN_DIRECT_OBJC_ISA_USAGE = YES_ERROR;
				CLANG_WARN_DOCUMENTATION_COMMENTS = YES;
				CLANG_WARN_EMPTY_BODY = YES;
				CLANG_WARN_ENUM_CONVERSION = YES;
				CLANG_WARN_INFINITE_RECURSION = YES;
				CLANG_WARN_INT_CONVERSION = YES;
				CLANG_WARN_OBJC_ROOT_CLASS = YES_ERROR;
				CLANG_WARN_SUSPICIOUS_MOVES = YES;
				CLANG_WARN_UNREACHABLE_CODE = YES;
				CLANG_WARN__DUPLICATE_METHOD_MATCH = YES;
				"CODE_SIGN_IDENTITY[sdk=iphoneos*]" = "iPhone Developer";
				COPY_PHASE_STRIP = NO;
				DEBUG_INFORMATION_FORMAT = dwarf;
				ENABLE_STRICT_OBJC_MSGSEND = YES;
				ENABLE_TESTABILITY = YES;
				GCC_C_LANGUAGE_STANDARD = gnu99;
				GCC_DYNAMIC_NO_PIC = NO;
				GCC_NO_COMMON_BLOCKS = YES;
				GCC_OPTIMIZATION_LEVEL = 0;
				GCC_PREPROCESSOR_DEFINITIONS = (
					"DEBUG=1",
					"$(inherited)",
				);
				GCC_WARN_64_TO_32_BIT_CONVERSION = YES;
				GCC_WARN_ABOUT_RETURN_TYPE = YES_ERROR;
				GCC_WARN_UNDECLARED_SELECTOR = YES;
				GCC_WARN_UNINITIALIZED_AUTOS = YES_AGGRESSIVE;
				GCC_WARN_UNUSED_FUNCTION = YES;
				GCC_WARN_UNUSED_VARIABLE = YES;
				IPHONEOS_DEPLOYMENT_TARGET = 10.0;
				MTL_ENABLE_DEBUG_INFO = YES;
				ONLY_ACTIVE_ARCH = YES;
				SDKROOT = iphoneos;
			};
			name = Debug;
		};
		EE1B77A61D7539EF00FE71FA /* Release */ = {
			isa = XCBuildConfiguration;
			buildSettings = {
				ALWAYS_SEARCH_USER_PATHS = NO;
				CLANG_ANALYZER_NONNULL = YES;
				CLANG_CXX_LANGUAGE_STANDARD = "gnu++0x";
				CLANG_CXX_LIBRARY = "libc++";
				CLANG_ENABLE_MODULES = YES;
				CLANG_ENABLE_OBJC_ARC = YES;
				CLANG_WARN_BOOL_CONVERSION = YES;
				CLANG_WARN_CONSTANT_CONVERSION = YES;
				CLANG_WARN_DIRECT_OBJC_ISA_USAGE = YES_ERROR;
				CLANG_WARN_DOCUMENTATION_COMMENTS = YES;
				CLANG_WARN_EMPTY_BODY = YES;
				CLANG_WARN_ENUM_CONVERSION = YES;
				CLANG_WARN_INFINITE_RECURSION = YES;
				CLANG_WARN_INT_CONVERSION = YES;
				CLANG_WARN_OBJC_ROOT_CLASS = YES_ERROR;
				CLANG_WARN_SUSPICIOUS_MOVES = YES;
				CLANG_WARN_UNREACHABLE_CODE = YES;
				CLANG_WARN__DUPLICATE_METHOD_MATCH = YES;
				"CODE_SIGN_IDENTITY[sdk=iphoneos*]" = "iPhone Developer";
				COPY_PHASE_STRIP = NO;
				DEBUG_INFORMATION_FORMAT = "dwarf-with-dsym";
				ENABLE_NS_ASSERTIONS = NO;
				ENABLE_STRICT_OBJC_MSGSEND = YES;
				GCC_C_LANGUAGE_STANDARD = gnu99;
				GCC_NO_COMMON_BLOCKS = YES;
				GCC_WARN_64_TO_32_BIT_CONVERSION = YES;
				GCC_WARN_ABOUT_RETURN_TYPE = YES_ERROR;
				GCC_WARN_UNDECLARED_SELECTOR = YES;
				GCC_WARN_UNINITIALIZED_AUTOS = YES_AGGRESSIVE;
				GCC_WARN_UNUSED_FUNCTION = YES;
				GCC_WARN_UNUSED_VARIABLE = YES;
				IPHONEOS_DEPLOYMENT_TARGET = 10.0;
				MTL_ENABLE_DEBUG_INFO = NO;
				SDKROOT = iphoneos;
				VALIDATE_PRODUCT = YES;
			};
			name = Release;
		};
		EE1B77A81D7539EF00FE71FA /* Debug */ = {
			isa = XCBuildConfiguration;
			buildSettings = {
				ASSETCATALOG_COMPILER_APPICON_NAME = AppIcon;
				INFOPLIST_FILE = NOCList/Info.plist;
				LD_RUNPATH_SEARCH_PATHS = "$(inherited) @executable_path/Frameworks";
				PRODUCT_BUNDLE_IDENTIFIER = com.tiy.NOCList;
				PRODUCT_NAME = "$(TARGET_NAME)";
			};
			name = Debug;
		};
		EE1B77A91D7539EF00FE71FA /* Release */ = {
			isa = XCBuildConfiguration;
			buildSettings = {
				ASSETCATALOG_COMPILER_APPICON_NAME = AppIcon;
				INFOPLIST_FILE = NOCList/Info.plist;
				LD_RUNPATH_SEARCH_PATHS = "$(inherited) @executable_path/Frameworks";
				PRODUCT_BUNDLE_IDENTIFIER = com.tiy.NOCList;
				PRODUCT_NAME = "$(TARGET_NAME)";
			};
			name = Release;
		};
/* End XCBuildConfiguration section */

/* Begin XCConfigurationList section */
		EE1B778B1D7539EF00FE71FA /* Build configuration list for PBXProject "NOCList" */ = {
			isa = XCConfigurationList;
			buildConfigurations = (
				EE1B77A51D7539EF00FE71FA /* Debug */,
				EE1B77A61D7539EF00FE71FA /* Release */,
			);
			defaultConfigurationIsVisible = 0;
			defaultConfigurationName = Release;
		};
		EE1B77A71D7539EF00FE71FA /* Build configuration list for PBXNativeTarget "NOCList" */ = {
			isa = XCConfigurationList;
			buildConfigurations = (
				EE1B77A81D7539EF00FE71FA /* Debug */,
				EE1B77A91D7539EF00FE71FA /* Release */,
			);
			defaultConfigurationIsVisible = 0;
			defaultConfigurationName = Release;
		};
/* End XCConfigurationList section */
	};
	rootObject = EE1B77881D7539EF00FE71FA /* Project object */;
}
